{
  "name": "lore",
  "lockfileVersion": 3,
  "requires": true,
  "packages": {
    "": {
      "name": "lore",
      "devDependencies": {
        "@types/react": "~19.2.10"
      },
      "engines": {
        "node": ">=22.0.0"
      }
    },
    "apps/api": {
      "name": "@lore/api",
      "version": "0.1.0",
      "extraneous": true,
      "dependencies": {
        "@napi-rs/canvas": "^0.1.78",
        "@supabase/supabase-js": "^2.104.1",
        "cloudinary": "^2.5.1",
        "cors": "^2.8.5",
        "dotenv": "^16.4.5",
        "express": "^4.21.1",
        "pg": "^8.13.1",
        "zod": "^3.23.8"
      },
      "devDependencies": {
        "@types/cors": "^2.8.17",
        "@types/express": "^5.0.0",
        "@types/node": "^22.10.1",
        "@types/pg": "^8.11.10",
        "tsx": "^4.19.2",
        "typescript": "^5.7.2"
      }
    },
    "apps/mobile": {
      "name": "@lore/mobile",
      "version": "0.1.0",
      "extraneous": true,
      "dependencies": {
        "@supabase/supabase-js": "^2.104.1",
        "expo": "~54.0.0",
        "expo-file-system": "~19.0.21",
        "expo-localization": "~17.0.8",
        "expo-secure-store": "~15.0.8",
        "expo-sharing": "^14.0.8",
        "expo-status-bar": "~3.0.9",
        "i18next": "^24.2.3",
        "react": "19.1.0",
        "react-i18next": "^15.4.1",
        "react-native": "0.81.5",
        "react-native-url-polyfill": "^3.0.0"
      },
      "devDependencies": {
        "@types/react": "~18.3.1",
        "typescript": "^5.7.2"
      }
    },
    "node_modules/@types/react": {
      "version": "19.2.14",
      "resolved": "https://registry.npmjs.org/@types/react/-/react-19.2.14.tgz",
      "integrity": "sha512-ilcTH/UniCkMdtexkoCN0bI7pMcJDvmQFPvuPvmEaYA/NSfFTAgdUSLAoVjaRJm7+6PvcM+q1zYOwS4wTYMF9w==",
      "dev": true,
      "license": "MIT",
      "dependencies": {
        "csstype": "^3.2.2"
      }
    },
    "node_modules/csstype": {
      "version": "3.2.3",
      "resolved": "https://registry.npmjs.org/csstype/-/csstype-3.2.3.tgz",
      "integrity": "sha512-z1HGKcYy2xA8AGQfwrn0PAy+PB7X/GSj3UVJW9qKyn43xWa+gl5nXmU4qqLMRzWVLFC8KusUX8T/0kCiOYpAIQ==",
      "dev": true,
      "license": "MIT"
    }
  }
}
